{
  "name": "gatsby-transformer-ndjson",
  "version": "1.0.0",
  "lockfileVersion": 1,
  "requires": true,
  "dependencies": {
    "funstream": {
      "version": "4.1.1",
      "resolved": "https://registry.npmjs.org/funstream/-/funstream-4.1.1.tgz",
      "integrity": "sha512-WEN57N4nvp2zdHLWKLm65iL/PmRoK1yPEHMU9FMPRrQlZRlgDhwqNuXgAJAPYch1YWaslC0DDVZsELucXcQy6g==",
      "requires": {
        "isa-stream": "^1.1.3"
      }
    },
    "isa-stream": {
      "version": "1.1.3",
      "resolved": "https://registry.npmjs.org/isa-stream/-/isa-stream-1.1.3.tgz",
      "integrity": "sha512-wJjmZRMJ3cBfb8kb1aBgT00aEhHJDRZ4x8A4B5p06v1u+ryB4WKYP0jacmLG0Ktnk9bwLetcwHoKui7dLojEeA=="
    }
  }
}
